
Microsoft Visual Studio Solution File, Format Version 12.00
# Visual Studio Version 16
VisualStudioVersion = 16.0.29920.165
MinimumVisualStudioVersion = 10.0.40219.1
Project("{9A19103F-16F7-4668-BE54-9A1E7A4F7556}") = "MessageProducer", "MessageProducer\MessageProducer.csproj", "{54F60A0A-6DFC-4AA9-87C3-5EA1E467F213}"
EndProject
Project("{FAE04EC0-301F-11D3-BF4B-00C04F79EFBC}") = "MessageConsumer", "MessageConsumer\MessageConsumer.csproj", "{6EF1907F-C0B6-492D-8642-20FD4A539309}"
EndProject
Global
	GlobalSection(SolutionConfigurationPlatforms) = preSolution
		Debug|Any CPU = Debug|Any CPU
		Release|Any CPU = Release|Any CPU
	EndGlobalSection
	GlobalSection(ProjectConfigurationPlatforms) = postSolution
		{54F60A0A-6DFC-4AA9-87C3-5EA1E467F213}.Debug|Any CPU.ActiveCfg = Debug|Any CPU
		{54F60A0A-6DFC-4AA9-87C3-5EA1E467F213}.Debug|Any CPU.Build.0 = Debug|Any CPU
		{54F60A0A-6DFC-4AA9-87C3-5EA1E467F213}.Release|Any CPU.ActiveCfg = Release|Any CPU
		{54F60A0A-6DFC-4AA9-87C3-5EA1E467F213}.Release|Any CPU.Build.0 = Release|Any CPU
		{6EF1907F-C0B6-492D-8642-20FD4A539309}.Debug|Any CPU.ActiveCfg = Debug|Any CPU
		{6EF1907F-C0B6-492D-8642-20FD4A539309}.Debug|Any CPU.Build.0 = Debug|Any CPU
		{6EF1907F-C0B6-492D-8642-20FD4A539309}.Release|Any CPU.ActiveCfg = Release|Any CPU
		{6EF1907F-C0B6-492D-8642-20FD4A539309}.Release|Any CPU.Build.0 = Release|Any CPU
	EndGlobalSection
	GlobalSection(SolutionProperties) = preSolution
		HideSolutionNode = FALSE
	EndGlobalSection
	GlobalSection(ExtensibilityGlobals) = postSolution
		SolutionGuid = {F8E9B423-5D8E-4E23-9260-3142DEB44EC7}
	EndGlobalSection
EndGlobal
